
Microsoft Visual Studio Solution File, Format Version 12.00
# Visual Studio Version 17
VisualStudioVersion = 17.12.35527.113 d17.12
MinimumVisualStudioVersion = 10.0.40219.1
Project("{FAE04EC0-301F-11D3-BF4B-00C04F79EFBC}") = "LibraryManagment", "LibraryManagment\LibraryManagment.csproj", "{DB3196DB-34B9-4797-9F13-B96F0415216F}"
EndProject
Global
	GlobalSection(SolutionConfigurationPlatforms) = preSolution
		Debug|Any CPU = Debug|Any CPU
		Release|Any CPU = Release|Any CPU
	EndGlobalSection
	GlobalSection(ProjectConfigurationPlatforms) = postSolution
		{DB3196DB-34B9-4797-9F13-B96F0415216F}.Debug|Any CPU.ActiveCfg = Debug|Any CPU
		{DB3196DB-34B9-4797-9F13-B96F0415216F}.Debug|Any CPU.Build.0 = Debug|Any CPU
		{DB3196DB-34B9-4797-9F13-B96F0415216F}.Release|Any CPU.ActiveCfg = Release|Any CPU
		{DB3196DB-34B9-4797-9F13-B96F0415216F}.Release|Any CPU.Build.0 = Release|Any CPU
	EndGlobalSection
	GlobalSection(SolutionProperties) = preSolution
		HideSolutionNode = FALSE
	EndGlobalSection
EndGlobal
